{
  "name": "pro-hw3",
  "version": "1.0.0",
  "lockfileVersion": 1,
  "requires": true,
  "dependencies": {
    "@ismagilovrf/ajs": {
      "version": "1.0.0",
      "resolved": "https://npm.pkg.github.com/download/@ismagilovrf/ajs/1.0.0/f61b1f651e6d2eddff91d69e7711ce215f8451ce235c574be251f9f75a01c3d4",
      "integrity": "sha512-Y9LvgjCCNMonLGRUDdrzE5pi3BYD2V21sdUGfEMFKPVwNiuTXMNMFfz9hl2f6zaUimA7tv/QUekjaG4GCpJQhQ=="
    }
  }
}
